dependencies:
- name: odoo
  repository: oci://registry-1.docker.io/bitnamicharts
  version: 26.2.9
- name: openg2p-pbms-bg-task-api
  repository: ""
  version: 3.0.0
- name: openg2p-pbms-bg-task-celery-beat-producers
  repository: ""
  version: 3.0.0
- name: openg2p-pbms-bg-task-celery-workers
  repository: ""
  version: 3.0.0
- name: minio
  repository: oci://registry-1.docker.io/bitnamicharts
  version: 12.12.2
- name: keymanager
  repository: https://openg2p.github.io/openg2p-helm
  version: 12.0.1
digest: sha256:4e5137553cfb6b6088ddf7517d8ee5f049b394f180fb977709f9c5455a01db86
generated: "2025-09-19T10:39:13.918767957+05:30"
