dependencies:
- name: postgres-init
  repository: https://openg2p.github.io/openg2p-helm
  version: 0.0.0-develop
- name: odoo
  repository: https://openg2p.github.io/openg2p-helm
  version: 26.3.0
- name: openg2p-pbms-staff-portal-api
  repository: ""
  version: 3.0.0
- name: openg2p-pbms-bg-task-celery-beat-producers
  repository: ""
  version: 3.0.0
- name: openg2p-pbms-bg-task-celery-workers
  repository: ""
  version: 3.0.0
- name: redis
  repository: https://openg2p.github.io/openg2p-helm
  version: 19.6.4
digest: sha256:59f5242af6954adaa5373d236434829f3471ed3538160235c9c1016174258675
generated: "2025-10-28T15:23:00.904549849+05:30"
