dependencies:
- name: postgres-init
  repository: https://openg2p.github.io/openg2p-helm
  version: 0.0.0-develop
- name: odoo
  repository: https://openg2p.github.io/openg2p-helm
  version: 26.3.0
- name: openg2p-pbms-bg-task-api
  repository: ""
  version: 3.0.0
- name: openg2p-pbms-bg-task-celery-beat-producers
  repository: ""
  version: 3.0.0
- name: openg2p-pbms-bg-task-celery-workers
  repository: ""
  version: 3.0.0
- name: redis
  repository: https://openg2p.github.io/openg2p-helm
  version: 19.6.4
digest: sha256:f9fe20637789352b69c4c8d5a9e8581db903b114a8959df2da141378c7d146ed
generated: "2025-10-21T07:36:15.927719+05:30"
